// !$*UTF8*$!
{
	archiveVersion = 1;
	classes = {
	};
	objectVersion = 46;
	objects = {

/* Begin PBXBuildFile section */
		8BE1FE2D1559BECE0041E9F1 /* sswrrLogoNew.png in Resources */ = {isa = PBXBuildFile; fileRef = 8BE1FE2C1559BECE0041E9F1 /* sswrrLogoNew.png */; };
		8BE36C5A15542C5D00C33B82 /* UIKit.framework in Frameworks */ = {isa = PBXBuildFile; fileRef = 8BE36C5915542C5D00C33B82 /* UIKit.framework */; };
		8BE36C5C15542C5D00C33B82 /* Foundation.framework in Frameworks */ = {isa = PBXBuildFile; fileRef = 8BE36C5B15542C5D00C33B82 /* Foundation.framework */; };
		8BE36C5E15542C5D00C33B82 /* CoreGraphics.framework in Frameworks */ = {isa = PBXBuildFile; fileRef = 8BE36C5D15542C5D00C33B82 /* CoreGraphics.framework */; };
		8BE36C6015542C5D00C33B82 /* CoreData.framework in Frameworks */ = {isa = PBXBuildFile; fileRef = 8BE36C5F15542C5D00C33B82 /* CoreData.framework */; };
		8BE36C6615542C5D00C33B82 /* InfoPlist.strings in Resources */ = {isa = PBXBuildFile; fileRef = 8BE36C6415542C5D00C33B82 /* InfoPlist.strings */; };
		8BE36C6815542C5D00C33B82 /* main.m in Sources */ = {isa = PBXBuildFile; fileRef = 8BE36C6715542C5D00C33B82 /* main.m */; };
		8BE36C6C15542C5D00C33B82 /* AppDelegate.m in Sources */ = {isa = PBXBuildFile; fileRef = 8BE36C6B15542C5D00C33B82 /* AppDelegate.m */; };
		8BE36C6F15542C5D00C33B82 /* MainStoryboard.storyboard in Resources */ = {isa = PBXBuildFile; fileRef = 8BE36C6D15542C5D00C33B82 /* MainStoryboard.storyboard */; };
		8BE36C7215542C5D00C33B82 /* Trouble_Call_Form.xcdatamodeld in Sources */ = {isa = PBXBuildFile; fileRef = 8BE36C7015542C5D00C33B82 /* Trouble_Call_Form.xcdatamodeld */; };
		8BE36C7515542C5D00C33B82 /* MasterViewController.m in Sources */ = {isa = PBXBuildFile; fileRef = 8BE36C7415542C5D00C33B82 /* MasterViewController.m */; };
		8BE36C7815542C5D00C33B82 /* DetailViewController.m in Sources */ = {isa = PBXBuildFile; fileRef = 8BE36C7715542C5D00C33B82 /* DetailViewController.m */; };
		8BE36C8015542C5D00C33B82 /* SenTestingKit.framework in Frameworks */ = {isa = PBXBuildFile; fileRef = 8BE36C7F15542C5D00C33B82 /* SenTestingKit.framework */; };
		8BE36C8115542C5D00C33B82 /* UIKit.framework in Frameworks */ = {isa = PBXBuildFile; fileRef = 8BE36C5915542C5D00C33B82 /* UIKit.framework */; };
		8BE36C8215542C5D00C33B82 /* Foundation.framework in Frameworks */ = {isa = PBXBuildFile; fileRef = 8BE36C5B15542C5D00C33B82 /* Foundation.framework */; };
		8BE36C8315542C5D00C33B82 /* CoreData.framework in Frameworks */ = {isa = PBXBuildFile; fileRef = 8BE36C5F15542C5D00C33B82 /* CoreData.framework */; };
		8BE36C8B15542C5D00C33B82 /* InfoPlist.strings in Resources */ = {isa = PBXBuildFile; fileRef = 8BE36C8915542C5D00C33B82 /* InfoPlist.strings */; };
		8BE36C8E15542C5D00C33B82 /* Trouble_Call_FormTests.m in Sources */ = {isa = PBXBuildFile; fileRef = 8BE36C8D15542C5D00C33B82 /* Trouble_Call_FormTests.m */; };
		8BE36C9915542E7800C33B82 /* GradientView.m in Sources */ = {isa = PBXBuildFile; fileRef = 8BE36C9815542E7800C33B82 /* GradientView.m */; };
		8BE44007155EF1A1004BAAF6 /* libsqlite3.dylib in Frameworks */ = {isa = PBXBuildFile; fileRef = 8BE44006155EF1A1004BAAF6 /* libsqlite3.dylib */; };
		8BE687EE159A587A00836D54 /* DropboxSDK.framework in Frameworks */ = {isa = PBXBuildFile; fileRef = 8BE687ED159A587A00836D54 /* DropboxSDK.framework */; };
		8BE6A2FE156C2A8200E8B35E /* JobNumberViewController.m in Sources */ = {isa = PBXBuildFile; fileRef = 8BE6A2FD156C2A8200E8B35E /* JobNumberViewController.m */; };
		8BE942FB1575879800E71D3D /* DateDisplayViewController.m in Sources */ = {isa = PBXBuildFile; fileRef = 8BE942FA1575879800E71D3D /* DateDisplayViewController.m */; };
		8BE9C5CA1572AC2E002C3C5F /* ArrayStorage.m in Sources */ = {isa = PBXBuildFile; fileRef = 8BE9C5C91572AC2E002C3C5F /* ArrayStorage.m */; };
		8BEF65CD156D57860083BA0B /* logo.jpg in Resources */ = {isa = PBXBuildFile; fileRef = 8BEF65CC156D57860083BA0B /* logo.jpg */; };
		8BF1B6581576AD9200E5A1D1 /* titlePageLogo.jpg in Resources */ = {isa = PBXBuildFile; fileRef = 8BF1B6571576AD9200E5A1D1 /* titlePageLogo.jpg */; };
		8BFE288B15895DD500512DB0 /* CFNetwork.framework in Frameworks */ = {isa = PBXBuildFile; fileRef = 8BFE288515895DD500512DB0 /* CFNetwork.framework */; };
		8BFE288C15895DD500512DB0 /* libxml2.dylib in Frameworks */ = {isa = PBXBuildFile; fileRef = 8BFE288615895DD500512DB0 /* libxml2.dylib */; };
		8BFE288D15895DD500512DB0 /* MobileCoreServices.framework in Frameworks */ = {isa = PBXBuildFile; fileRef = 8BFE288715895DD500512DB0 /* MobileCoreServices.framework */; };
		8BFE288E15895DD500512DB0 /* QuartzCore.framework in Frameworks */ = {isa = PBXBuildFile; fileRef = 8BFE288815895DD500512DB0 /* QuartzCore.framework */; };
		8BFE288F15895DD500512DB0 /* Security.framework in Frameworks */ = {isa = PBXBuildFile; fileRef = 8BFE288915895DD500512DB0 /* Security.framework */; };
		8BFE289015895DD500512DB0 /* SystemConfiguration.framework in Frameworks */ = {isa = PBXBuildFile; fileRef = 8BFE288A15895DD500512DB0 /* SystemConfiguration.framework */; };
/* End PBXBuildFile section */

/* Begin PBXContainerItemProxy section */
		8BE36C8415542C5D00C33B82 /* PBXContainerItemProxy */ = {
			isa = PBXContainerItemProxy;
			containerPortal = 8BE36C4C15542C5C00C33B82 /* Project object */;
			proxyType = 1;
			remoteGlobalIDString = 8BE36C5415542C5D00C33B82;
			remoteInfo = "Trouble Call Form";
		};
/* End PBXContainerItemProxy section */

/* Begin PBXFileReference section */
		8BE1FE2C1559BECE0041E9F1 /* sswrrLogoNew.png */ = {isa = PBXFileReference; lastKnownFileType = image.png; name = sswrrLogoNew.png; path = "../../../Inspection Form App/Inspection Form App/sswrrLogoNew.png"; sourceTree = "<group>"; };
		8BE36C5515542C5D00C33B82 /* Trouble Call Form.app */ = {isa = PBXFileReference; explicitFileType = wrapper.application; includeInIndex = 0; path = "Trouble Call Form.app"; sourceTree = BUILT_PRODUCTS_DIR; };
		8BE36C5915542C5D00C33B82 /* UIKit.framework */ = {isa = PBXFileReference; lastKnownFileType = wrapper.framework; name = UIKit.framework; path = System/Library/Frameworks/UIKit.framework; sourceTree = SDKROOT; };
		8BE36C5B15542C5D00C33B82 /* Foundation.framework */ = {isa = PBXFileReference; lastKnownFileType = wrapper.framework; name = Foundation.framework; path = System/Library/Frameworks/Foundation.framework; sourceTree = SDKROOT; };
		8BE36C5D15542C5D00C33B82 /* CoreGraphics.framework */ = {isa = PBXFileReference; lastKnownFileType = wrapper.framework; name = CoreGraphics.framework; path = System/Library/Frameworks/CoreGraphics.framework; sourceTree = SDKROOT; };
		8BE36C5F15542C5D00C33B82 /* CoreData.framework */ = {isa = PBXFileReference; lastKnownFileType = wrapper.framework; name = CoreData.framework; path = System/Library/Frameworks/CoreData.framework; sourceTree = SDKROOT; };
		8BE36C6315542C5D00C33B82 /* Trouble Call Form-Info.plist */ = {isa = PBXFileReference; lastKnownFileType = text.plist.xml; path = "Trouble Call Form-Info.plist"; sourceTree = "<group>"; };
		8BE36C6515542C5D00C33B82 /* en */ = {isa = PBXFileReference; lastKnownFileType = text.plist.strings; name = en; path = en.lproj/InfoPlist.strings; sourceTree = "<group>"; };
		8BE36C6715542C5D00C33B82 /* main.m */ = {isa = PBXFileReference; lastKnownFileType = sourcecode.c.objc; path = main.m; sourceTree = "<group>"; };
		8BE36C6915542C5D00C33B82 /* Trouble Call Form-Prefix.pch */ = {isa = PBXFileReference; lastKnownFileType = sourcecode.c.h; path = "Trouble Call Form-Prefix.pch"; sourceTree = "<group>"; };
		8BE36C6A15542C5D00C33B82 /* AppDelegate.h */ = {isa = PBXFileReference; lastKnownFileType = sourcecode.c.h; path = AppDelegate.h; sourceTree = "<group>"; };
		8BE36C6B15542C5D00C33B82 /* AppDelegate.m */ = {isa = PBXFileReference; lastKnownFileType = sourcecode.c.objc; path = AppDelegate.m; sourceTree = "<group>"; };
		8BE36C6E15542C5D00C33B82 /* en */ = {isa = PBXFileReference; lastKnownFileType = file.storyboard; name = en; path = en.lproj/MainStoryboard.storyboard; sourceTree = "<group>"; };
		8BE36C7115542C5D00C33B82 /* Trouble_Call_Form.xcdatamodel */ = {isa = PBXFileReference; lastKnownFileType = wrapper.xcdatamodel; path = Trouble_Call_Form.xcdatamodel; sourceTree = "<group>"; };
		8BE36C7315542C5D00C33B82 /* MasterViewController.h */ = {isa = PBXFileReference; lastKnownFileType = sourcecode.c.h; path = MasterViewController.h; sourceTree = "<group>"; };
		8BE36C7415542C5D00C33B82 /* MasterViewController.m */ = {isa = PBXFileReference; lastKnownFileType = sourcecode.c.objc; path = MasterViewController.m; sourceTree = "<group>"; };
		8BE36C7615542C5D00C33B82 /* DetailViewController.h */ = {isa = PBXFileReference; lastKnownFileType = sourcecode.c.h; path = DetailViewController.h; sourceTree = "<group>"; };
		8BE36C7715542C5D00C33B82 /* DetailViewController.m */ = {isa = PBXFileReference; lastKnownFileType = sourcecode.c.objc; path = DetailViewController.m; sourceTree = "<group>"; };
		8BE36C7E15542C5D00C33B82 /* Trouble Call FormTests.octest */ = {isa = PBXFileReference; explicitFileType = wrapper.cfbundle; includeInIndex = 0; path = "Trouble Call FormTests.octest"; sourceTree = BUILT_PRODUCTS_DIR; };
		8BE36C7F15542C5D00C33B82 /* SenTestingKit.framework */ = {isa = PBXFileReference; lastKnownFileType = wrapper.framework; name = SenTestingKit.framework; path = Library/Frameworks/SenTestingKit.framework; sourceTree = DEVELOPER_DIR; };
		8BE36C8815542C5D00C33B82 /* Trouble Call FormTests-Info.plist */ = {isa = PBXFileReference; lastKnownFileType = text.plist.xml; path = "Trouble Call FormTests-Info.plist"; sourceTree = "<group>"; };
		8BE36C8A15542C5D00C33B82 /* en */ = {isa = PBXFileReference; lastKnownFileType = text.plist.strings; name = en; path = en.lproj/InfoPlist.strings; sourceTree = "<group>"; };
		8BE36C8C15542C5D00C33B82 /* Trouble_Call_FormTests.h */ = {isa = PBXFileReference; lastKnownFileType = sourcecode.c.h; path = Trouble_Call_FormTests.h; sourceTree = "<group>"; };
		8BE36C8D15542C5D00C33B82 /* Trouble_Call_FormTests.m */ = {isa = PBXFileReference; lastKnownFileType = sourcecode.c.objc; path = Trouble_Call_FormTests.m; sourceTree = "<group>"; };
		8BE36C9715542E7800C33B82 /* GradientView.h */ = {isa = PBXFileReference; fileEncoding = 4; lastKnownFileType = sourcecode.c.h; name = GradientView.h; path = "../../../Inspection Form App/Inspection Form App/GradientView.h"; sourceTree = "<group>"; };
		8BE36C9815542E7800C33B82 /* GradientView.m */ = {isa = PBXFileReference; fileEncoding = 4; lastKnownFileType = sourcecode.c.objc; name = GradientView.m; path = "../../../Inspection Form App/Inspection Form App/GradientView.m"; sourceTree = "<group>"; };
		8BE44006155EF1A1004BAAF6 /* libsqlite3.dylib */ = {isa = PBXFileReference; lastKnownFileType = "compiled.mach-o.dylib"; name = libsqlite3.dylib; path = usr/lib/libsqlite3.dylib; sourceTree = SDKROOT; };
		8BE687ED159A587A00836D54 /* DropboxSDK.framework */ = {isa = PBXFileReference; lastKnownFileType = wrapper.framework; path = DropboxSDK.framework; sourceTree = "<group>"; };
		8BE6A2FC156C2A8200E8B35E /* JobNumberViewController.h */ = {isa = PBXFileReference; fileEncoding = 4; lastKnownFileType = sourcecode.c.h; path = JobNumberViewController.h; sourceTree = "<group>"; };
		8BE6A2FD156C2A8200E8B35E /* JobNumberViewController.m */ = {isa = PBXFileReference; fileEncoding = 4; lastKnownFileType = sourcecode.c.objc; path = JobNumberViewController.m; sourceTree = "<group>"; };
		8BE942F91575879800E71D3D /* DateDisplayViewController.h */ = {isa = PBXFileReference; fileEncoding = 4; lastKnownFileType = sourcecode.c.h; path = DateDisplayViewController.h; sourceTree = "<group>"; };
		8BE942FA1575879800E71D3D /* DateDisplayViewController.m */ = {isa = PBXFileReference; fileEncoding = 4; lastKnownFileType = sourcecode.c.objc; path = DateDisplayViewController.m; sourceTree = "<group>"; };
		8BE9C5C81572AC2E002C3C5F /* ArrayStorage.h */ = {isa = PBXFileReference; fileEncoding = 4; lastKnownFileType = sourcecode.c.h; name = ArrayStorage.h; path = ../ArrayStorage.h; sourceTree = "<group>"; };
		8BE9C5C91572AC2E002C3C5F /* ArrayStorage.m */ = {isa = PBXFileReference; fileEncoding = 4; lastKnownFileType = sourcecode.c.objc; name = ArrayStorage.m; path = ../ArrayStorage.m; sourceTree = "<group>"; };
		8BEF65CC156D57860083BA0B /* logo.jpg */ = {isa = PBXFileReference; lastKnownFileType = image.jpeg; name = logo.jpg; path = ../../../../Downloads/logo.jpg; sourceTree = "<group>"; };
		8BF1B6571576AD9200E5A1D1 /* titlePageLogo.jpg */ = {isa = PBXFileReference; lastKnownFileType = image.jpeg; name = titlePageLogo.jpg; path = ../../../../Downloads/titlePageLogo.jpg; sourceTree = "<group>"; };
		8BFE288515895DD500512DB0 /* CFNetwork.framework */ = {isa = PBXFileReference; lastKnownFileType = wrapper.framework; name = CFNetwork.framework; path = System/Library/Frameworks/CFNetwork.framework; sourceTree = SDKROOT; };
		8BFE288615895DD500512DB0 /* libxml2.dylib */ = {isa = PBXFileReference; lastKnownFileType = "compiled.mach-o.dylib"; name = libxml2.dylib; path = usr/lib/libxml2.dylib; sourceTree = SDKROOT; };
		8BFE288715895DD500512DB0 /* MobileCoreServices.framework */ = {isa = PBXFileReference; lastKnownFileType = wrapper.framework; name = MobileCoreServices.framework; path = System/Library/Frameworks/MobileCoreServices.framework; sourceTree = SDKROOT; };
		8BFE288815895DD500512DB0 /* QuartzCore.framework */ = {isa = PBXFileReference; lastKnownFileType = wrapper.framework; name = QuartzCore.framework; path = System/Library/Frameworks/QuartzCore.framework; sourceTree = SDKROOT; };
		8BFE288915895DD500512DB0 /* Security.framework */ = {isa = PBXFileReference; lastKnownFileType = wrapper.framework; name = Security.framework; path = System/Library/Frameworks/Security.framework; sourceTree = SDKROOT; };
		8BFE288A15895DD500512DB0 /* SystemConfiguration.framework */ = {isa = PBXFileReference; lastKnownFileType = wrapper.framework; name = SystemConfiguration.framework; path = System/Library/Frameworks/SystemConfiguration.framework; sourceTree = SDKROOT; };
/* End PBXFileReference section */

/* Begin PBXFrameworksBuildPhase section */
		8BE36C5215542C5D00C33B82 /* Frameworks */ = {
			isa = PBXFrameworksBuildPhase;
			buildActionMask = 2147483647;
			files = (
				8BFE288B15895DD500512DB0 /* CFNetwork.framework in Frameworks */,
				8BFE288C15895DD500512DB0 /* libxml2.dylib in Frameworks */,
				8BFE288D15895DD500512DB0 /* MobileCoreServices.framework in Frameworks */,
				8BFE288E15895DD500512DB0 /* QuartzCore.framework in Frameworks */,
				8BFE288F15895DD500512DB0 /* Security.framework in Frameworks */,
				8BFE289015895DD500512DB0 /* SystemConfiguration.framework in Frameworks */,
				8BE36C6015542C5D00C33B82 /* CoreData.framework in Frameworks */,
				8BE44007155EF1A1004BAAF6 /* libsqlite3.dylib in Frameworks */,
				8BE36C5A15542C5D00C33B82 /* UIKit.framework in Frameworks */,
				8BE36C5C15542C5D00C33B82 /* Foundation.framework in Frameworks */,
				8BE36C5E15542C5D00C33B82 /* CoreGraphics.framework in Frameworks */,
				8BE687EE159A587A00836D54 /* DropboxSDK.framework in Frameworks */,
			);
			runOnlyForDeploymentPostprocessing = 0;
		};
		8BE36C7A15542C5D00C33B82 /* Frameworks */ = {
			isa = PBXFrameworksBuildPhase;
			buildActionMask = 2147483647;
			files = (
				8BE36C8015542C5D00C33B82 /* SenTestingKit.framework in Frameworks */,
				8BE36C8115542C5D00C33B82 /* UIKit.framework in Frameworks */,
				8BE36C8215542C5D00C33B82 /* Foundation.framework in Frameworks */,
				8BE36C8315542C5D00C33B82 /* CoreData.framework in Frameworks */,
			);
			runOnlyForDeploymentPostprocessing = 0;
		};
/* End PBXFrameworksBuildPhase section */

/* Begin PBXGroup section */
		8BE36C4A15542C5C00C33B82 = {
			isa = PBXGroup;
			children = (
				8BE687ED159A587A00836D54 /* DropboxSDK.framework */,
				8BFE288515895DD500512DB0 /* CFNetwork.framework */,
				8BFE288615895DD500512DB0 /* libxml2.dylib */,
				8BFE288715895DD500512DB0 /* MobileCoreServices.framework */,
				8BFE288815895DD500512DB0 /* QuartzCore.framework */,
				8BFE288915895DD500512DB0 /* Security.framework */,
				8BFE288A15895DD500512DB0 /* SystemConfiguration.framework */,
				8BE44006155EF1A1004BAAF6 /* libsqlite3.dylib */,
				8BE36C6115542C5D00C33B82 /* Trouble Call Form */,
				8BE36C8615542C5D00C33B82 /* Trouble Call FormTests */,
				8BE36C5815542C5D00C33B82 /* Frameworks */,
				8BE36C5615542C5D00C33B82 /* Products */,
			);
			sourceTree = "<group>";
		};
		8BE36C5615542C5D00C33B82 /* Products */ = {
			isa = PBXGroup;
			children = (
				8BE36C5515542C5D00C33B82 /* Trouble Call Form.app */,
				8BE36C7E15542C5D00C33B82 /* Trouble Call FormTests.octest */,
			);
			name = Products;
			sourceTree = "<group>";
		};
		8BE36C5815542C5D00C33B82 /* Frameworks */ = {
			isa = PBXGroup;
			children = (
				8BE36C5915542C5D00C33B82 /* UIKit.framework */,
				8BE36C5B15542C5D00C33B82 /* Foundation.framework */,
				8BE36C5D15542C5D00C33B82 /* CoreGraphics.framework */,
				8BE36C5F15542C5D00C33B82 /* CoreData.framework */,
				8BE36C7F15542C5D00C33B82 /* SenTestingKit.framework */,
			);
			name = Frameworks;
			sourceTree = "<group>";
		};
		8BE36C6115542C5D00C33B82 /* Trouble Call Form */ = {
			isa = PBXGroup;
			children = (
				8BF1B6571576AD9200E5A1D1 /* titlePageLogo.jpg */,
				8BE9C5C81572AC2E002C3C5F /* ArrayStorage.h */,
				8BE9C5C91572AC2E002C3C5F /* ArrayStorage.m */,
				8BE1FE2C1559BECE0041E9F1 /* sswrrLogoNew.png */,
				8BEF65CC156D57860083BA0B /* logo.jpg */,
				8BE36C9715542E7800C33B82 /* GradientView.h */,
				8BE36C9815542E7800C33B82 /* GradientView.m */,
				8BE36C6A15542C5D00C33B82 /* AppDelegate.h */,
				8BE36C6B15542C5D00C33B82 /* AppDelegate.m */,
				8BE36C6D15542C5D00C33B82 /* MainStoryboard.storyboard */,
				8BE6A2FC156C2A8200E8B35E /* JobNumberViewController.h */,
				8BE6A2FD156C2A8200E8B35E /* JobNumberViewController.m */,
				8BE942F91575879800E71D3D /* DateDisplayViewController.h */,
				8BE942FA1575879800E71D3D /* DateDisplayViewController.m */,
				8BE36C7315542C5D00C33B82 /* MasterViewController.h */,
				8BE36C7415542C5D00C33B82 /* MasterViewController.m */,
				8BE36C7615542C5D00C33B82 /* DetailViewController.h */,
				8BE36C7715542C5D00C33B82 /* DetailViewController.m */,
				8BE36C7015542C5D00C33B82 /* Trouble_Call_Form.xcdatamodeld */,
				8BE36C6215542C5D00C33B82 /* Supporting Files */,
			);
			path = "Trouble Call Form";
			sourceTree = "<group>";
		};
		8BE36C6215542C5D00C33B82 /* Supporting Files */ = {
			isa = PBXGroup;
			children = (
				8BE36C6315542C5D00C33B82 /* Trouble Call Form-Info.plist */,
				8BE36C6415542C5D00C33B82 /* InfoPlist.strings */,
				8BE36C6715542C5D00C33B82 /* main.m */,
				8BE36C6915542C5D00C33B82 /* Trouble Call Form-Prefix.pch */,
			);
			name = "Supporting Files";
			sourceTree = "<group>";
		};
		8BE36C8615542C5D00C33B82 /* Trouble Call FormTests */ = {
			isa = PBXGroup;
			children = (
				8BE36C8C15542C5D00C33B82 /* Trouble_Call_FormTests.h */,
				8BE36C8D15542C5D00C33B82 /* Trouble_Call_FormTests.m */,
				8BE36C8715542C5D00C33B82 /* Supporting Files */,
			);
			path = "Trouble Call FormTests";
			sourceTree = "<group>";
		};
		8BE36C8715542C5D00C33B82 /* Supporting Files */ = {
			isa = PBXGroup;
			children = (
				8BE36C8815542C5D00C33B82 /* Trouble Call FormTests-Info.plist */,
				8BE36C8915542C5D00C33B82 /* InfoPlist.strings */,
			);
			name = "Supporting Files";
			sourceTree = "<group>";
		};
/* End PBXGroup section */

/* Begin PBXNativeTarget section */
		8BE36C5415542C5D00C33B82 /* Trouble Call Form */ = {
			isa = PBXNativeTarget;
			buildConfigurationList = 8BE36C9115542C5D00C33B82 /* Build configuration list for PBXNativeTarget "Trouble Call Form" */;
			buildPhases = (
				8BE36C5115542C5D00C33B82 /* Sources */,
				8BE36C5215542C5D00C33B82 /* Frameworks */,
				8BE36C5315542C5D00C33B82 /* Resources */,
			);
			buildRules = (
			);
			dependencies = (
			);
			name = "Trouble Call Form";
			productName = "Trouble Call Form";
			productReference = 8BE36C5515542C5D00C33B82 /* Trouble Call Form.app */;
			productType = "com.apple.product-type.application";
		};
		8BE36C7D15542C5D00C33B82 /* Trouble Call FormTests */ = {
			isa = PBXNativeTarget;
			buildConfigurationList = 8BE36C9415542C5D00C33B82 /* Build configuration list for PBXNativeTarget "Trouble Call FormTests" */;
			buildPhases = (
				8BE36C7915542C5D00C33B82 /* Sources */,
				8BE36C7A15542C5D00C33B82 /* Frameworks */,
				8BE36C7B15542C5D00C33B82 /* Resources */,
				8BE36C7C15542C5D00C33B82 /* ShellScript */,
			);
			buildRules = (
			);
			dependencies = (
				8BE36C8515542C5D00C33B82 /* PBXTargetDependency */,
			);
			name = "Trouble Call FormTests";
			productName = "Trouble Call FormTests";
			productReference = 8BE36C7E15542C5D00C33B82 /* Trouble Call FormTests.octest */;
			productType = "com.apple.product-type.bundle";
		};
/* End PBXNativeTarget section */

/* Begin PBXProject section */
		8BE36C4C15542C5C00C33B82 /* Project object */ = {
			isa = PBXProject;
			attributes = {
				LastUpgradeCheck = 0430;
			};
			buildConfigurationList = 8BE36C4F15542C5C00C33B82 /* Build configuration list for PBXProject "Trouble Call Form" */;
			compatibilityVersion = "Xcode 3.2";
			developmentRegion = English;
			hasScannedForEncodings = 0;
			knownRegions = (
				en,
			);
			mainGroup = 8BE36C4A15542C5C00C33B82;
			productRefGroup = 8BE36C5615542C5D00C33B82 /* Products */;
			projectDirPath = "";
			projectRoot = "";
			targets = (
				8BE36C5415542C5D00C33B82 /* Trouble Call Form */,
				8BE36C7D15542C5D00C33B82 /* Trouble Call FormTests */,
			);
		};
/* End PBXProject section */

/* Begin PBXResourcesBuildPhase section */
		8BE36C5315542C5D00C33B82 /* Resources */ = {
			isa = PBXResourcesBuildPhase;
			buildActionMask = 2147483647;
			files = (
				8BE36C6615542C5D00C33B82 /* InfoPlist.strings in Resources */,
				8BE36C6F15542C5D00C33B82 /* MainStoryboard.storyboard in Resources */,
				8BE1FE2D1559BECE0041E9F1 /* sswrrLogoNew.png in Resources */,
				8BEF65CD156D57860083BA0B /* logo.jpg in Resources */,
				8BF1B6581576AD9200E5A1D1 /* titlePageLogo.jpg in Resources */,
			);
			runOnlyForDeploymentPostprocessing = 0;
		};
		8BE36C7B15542C5D00C33B82 /* Resources */ = {
			isa = PBXResourcesBuildPhase;
			buildActionMask = 2147483647;
			files = (
				8BE36C8B15542C5D00C33B82 /* InfoPlist.strings in Resources */,
			);
			runOnlyForDeploymentPostprocessing = 0;
		};
/* End PBXResourcesBuildPhase section */

/* Begin PBXShellScriptBuildPhase section */
		8BE36C7C15542C5D00C33B82 /* ShellScript */ = {
			isa = PBXShellScriptBuildPhase;
			buildActionMask = 2147483647;
			files = (
			);
			inputPaths = (
			);
			outputPaths = (
			);
			runOnlyForDeploymentPostprocessing = 0;
			shellPath = /bin/sh;
			shellScript = "# Run the unit tests in this test bundle.\n\"${SYSTEM_DEVELOPER_DIR}/Tools/RunUnitTests\"\n";
		};
/* End PBXShellScriptBuildPhase section */

/* Begin PBXSourcesBuildPhase section */
		8BE36C5115542C5D00C33B82 /* Sources */ = {
			isa = PBXSourcesBuildPhase;
			buildActionMask = 2147483647;
			files = (
				8BE36C6815542C5D00C33B82 /* main.m in Sources */,
				8BE36C6C15542C5D00C33B82 /* AppDelegate.m in Sources */,
				8BE36C7215542C5D00C33B82 /* Trouble_Call_Form.xcdatamodeld in Sources */,
				8BE36C7515542C5D00C33B82 /* MasterViewController.m in Sources */,
				8BE36C7815542C5D00C33B82 /* DetailViewController.m in Sources */,
				8BE36C9915542E7800C33B82 /* GradientView.m in Sources */,
				8BE6A2FE156C2A8200E8B35E /* JobNumberViewController.m in Sources */,
				8BE9C5CA1572AC2E002C3C5F /* ArrayStorage.m in Sources */,
				8BE942FB1575879800E71D3D /* DateDisplayViewController.m in Sources */,
			);
			runOnlyForDeploymentPostprocessing = 0;
		};
		8BE36C7915542C5D00C33B82 /* Sources */ = {
			isa = PBXSourcesBuildPhase;
			buildActionMask = 2147483647;
			files = (
				8BE36C8E15542C5D00C33B82 /* Trouble_Call_FormTests.m in Sources */,
			);
			runOnlyForDeploymentPostprocessing = 0;
		};
/* End PBXSourcesBuildPhase section */

/* Begin PBXTargetDependency section */
		8BE36C8515542C5D00C33B82 /* PBXTargetDependency */ = {
			isa = PBXTargetDependency;
			target = 8BE36C5415542C5D00C33B82 /* Trouble Call Form */;
			targetProxy = 8BE36C8415542C5D00C33B82 /* PBXContainerItemProxy */;
		};
/* End PBXTargetDependency section */

/* Begin PBXVariantGroup section */
		8BE36C6415542C5D00C33B82 /* InfoPlist.strings */ = {
			isa = PBXVariantGroup;
			children = (
				8BE36C6515542C5D00C33B82 /* en */,
			);
			name = InfoPlist.strings;
			sourceTree = "<group>";
		};
		8BE36C6D15542C5D00C33B82 /* MainStoryboard.storyboard */ = {
			isa = PBXVariantGroup;
			children = (
				8BE36C6E15542C5D00C33B82 /* en */,
			);
			name = MainStoryboard.storyboard;
			sourceTree = "<group>";
		};
		8BE36C8915542C5D00C33B82 /* InfoPlist.strings */ = {
			isa = PBXVariantGroup;
			children = (
				8BE36C8A15542C5D00C33B82 /* en */,
			);
			name = InfoPlist.strings;
			sourceTree = "<group>";
		};
/* End PBXVariantGroup section */

/* Begin XCBuildConfiguration section */
		8BE36C8F15542C5D00C33B82 /* Debug */ = {
			isa = XCBuildConfiguration;
			buildSettings = {
				ALWAYS_SEARCH_USER_PATHS = NO;
				ARCHS = "$(ARCHS_STANDARD_32_BIT)";
				CLANG_ENABLE_OBJC_ARC = YES;
				"CODE_SIGN_IDENTITY[sdk=iphoneos*]" = "iPhone Developer";
				COPY_PHASE_STRIP = NO;
				GCC_C_LANGUAGE_STANDARD = gnu99;
				GCC_DYNAMIC_NO_PIC = NO;
				GCC_OPTIMIZATION_LEVEL = 0;
				GCC_PREPROCESSOR_DEFINITIONS = (
					"DEBUG=1",
					"$(inherited)",
				);
				GCC_SYMBOLS_PRIVATE_EXTERN = NO;
				GCC_VERSION = com.apple.compilers.llvm.clang.1_0;
				GCC_WARN_ABOUT_RETURN_TYPE = YES;
				GCC_WARN_UNINITIALIZED_AUTOS = YES;
				GCC_WARN_UNUSED_VARIABLE = YES;
				"HEADER_SEARCH_PATHS[arch=*]" = "\"$BUILT_PRODUCTS_DIR)/../../Headers\"";
				IPHONEOS_DEPLOYMENT_TARGET = 5.1;
				"OTHER_LDFLAGS[arch=*]" = (
					"-ObjC",
					"-all_load",
				);
				SDKROOT = iphoneos;
				TARGETED_DEVICE_FAMILY = 2;
			};
			name = Debug;
		};
		8BE36C9015542C5D00C33B82 /* Release */ = {
			isa = XCBuildConfiguration;
			buildSettings = {
				ALWAYS_SEARCH_USER_PATHS = NO;
				ARCHS = "$(ARCHS_STANDARD_32_BIT)";
				CLANG_ENABLE_OBJC_ARC = YES;
				"CODE_SIGN_IDENTITY[sdk=iphoneos*]" = "iPhone Developer";
				COPY_PHASE_STRIP = YES;
				GCC_C_LANGUAGE_STANDARD = gnu99;
				GCC_VERSION = com.apple.compilers.llvm.clang.1_0;
				GCC_WARN_ABOUT_RETURN_TYPE = YES;
				GCC_WARN_UNINITIALIZED_AUTOS = YES;
				GCC_WARN_UNUSED_VARIABLE = YES;
				IPHONEOS_DEPLOYMENT_TARGET = 5.1;
				OTHER_CFLAGS = "-DNS_BLOCK_ASSERTIONS=1";
				SDKROOT = iphoneos;
				TARGETED_DEVICE_FAMILY = 2;
				VALIDATE_PRODUCT = YES;
			};
			name = Release;
		};
		8BE36C9215542C5D00C33B82 /* Debug */ = {
			isa = XCBuildConfiguration;
			buildSettings = {
				ALWAYS_SEARCH_USER_PATHS = NO;
				FRAMEWORK_SEARCH_PATHS = (
					"$(inherited)",
					"\"$(SRCROOT)/Trouble Call Form/RestKit/Tests/Vendor/OCHamcrest\"",
					"\"$(SYSTEM_APPS_DIR)/Xcode.app/Contents/Developer/SDKs/MacOSX10.7.sdk/System/Library/Frameworks\"",
					"\"$(SYSTEM_APPS_DIR)/Xcode.app/Contents/Developer/Library/Frameworks\"",
					"\"$(SRCROOT)/Library/Frameworks\"",
					"\"$(SRCROOT)\"",
				);
				GCC_PRECOMPILE_PREFIX_HEADER = YES;
				GCC_PREFIX_HEADER = "Trouble Call Form/Trouble Call Form-Prefix.pch";
				"HEADER_SEARCH_PATHS[arch=*]" = "\"$(BUILT_PRODUCTS_DIR)/../../Headers\"";
				INFOPLIST_FILE = "Trouble Call Form/Trouble Call Form-Info.plist";
				LIBRARY_SEARCH_PATHS = (
					"$(inherited)",
					"\"$(SYSTEM_APPS_DIR)/Xcode.app/Contents/Developer/SDKs/MacOSX10.7.sdk/usr/lib\"",
					"\"$(SRCROOT)\"",
				);
				"OTHER_LDFLAGS[arch=*]" = (
					"-ObjC",
					"-all_load",
				);
				PRODUCT_NAME = "$(TARGET_NAME)";
				SCAN_ALL_SOURCE_FILES_FOR_INCLUDES = NO;
				WRAPPER_EXTENSION = app;
			};
			name = Debug;
		};
		8BE36C9315542C5D00C33B82 /* Release */ = {
			isa = XCBuildConfiguration;
			buildSettings = {
				ALWAYS_SEARCH_USER_PATHS = NO;
				FRAMEWORK_SEARCH_PATHS = (
					"$(inherited)",
					"\"$(SRCROOT)/Trouble Call Form/RestKit/Tests/Vendor/OCHamcrest\"",
					"\"$(SYSTEM_APPS_DIR)/Xcode.app/Contents/Developer/SDKs/MacOSX10.7.sdk/System/Library/Frameworks\"",
					"\"$(SYSTEM_APPS_DIR)/Xcode.app/Contents/Developer/Library/Frameworks\"",
					"\"$(SRCROOT)/Library/Frameworks\"",
					"\"$(SRCROOT)\"",
				);
				GCC_PRECOMPILE_PREFIX_HEADER = YES;
				GCC_PREFIX_HEADER = "Trouble Call Form/Trouble Call Form-Prefix.pch";
				"HEADER_SEARCH_PATHS[arch=*]" = "\"$(BUILT_PRODUCTS_DIR)/../../Headers\"";
				INFOPLIST_FILE = "Trouble Call Form/Trouble Call Form-Info.plist";
				LIBRARY_SEARCH_PATHS = (
					"$(inherited)",
					"\"$(SYSTEM_APPS_DIR)/Xcode.app/Contents/Developer/SDKs/MacOSX10.7.sdk/usr/lib\"",
					"\"$(SRCROOT)\"",
				);
				"OTHER_LDFLAGS[arch=*]" = (
					"-ObjC",
					"-all_load",
				);
				PRODUCT_NAME = "$(TARGET_NAME)";
				SCAN_ALL_SOURCE_FILES_FOR_INCLUDES = NO;
				WRAPPER_EXTENSION = app;
			};
			name = Release;
		};
		8BE36C9515542C5D00C33B82 /* Debug */ = {
			isa = XCBuildConfiguration;
			buildSettings = {
				BUNDLE_LOADER = "$(BUILT_PRODUCTS_DIR)/Trouble Call Form.app/Trouble Call Form";
				FRAMEWORK_SEARCH_PATHS = (
					"$(SDKROOT)/Developer/Library/Frameworks",
					"$(DEVELOPER_LIBRARY_DIR)/Frameworks",
					"\"$(SRCROOT)/Trouble Call Form/RestKit/Tests/Vendor/OCHamcrest\"",
					"\"$(SYSTEM_APPS_DIR)/Xcode.app/Contents/Developer/SDKs/MacOSX10.7.sdk/System/Library/Frameworks\"",
					"\"$(SRCROOT)/Library/Frameworks\"",
					"\"$(SRCROOT)\"",
				);
				GCC_PRECOMPILE_PREFIX_HEADER = YES;
				GCC_PREFIX_HEADER = "Trouble Call Form/Trouble Call Form-Prefix.pch";
				INFOPLIST_FILE = "Trouble Call FormTests/Trouble Call FormTests-Info.plist";
				LIBRARY_SEARCH_PATHS = (
					"$(inherited)",
					"\"$(SYSTEM_APPS_DIR)/Xcode.app/Contents/Developer/SDKs/MacOSX10.7.sdk/usr/lib\"",
					"\"$(SRCROOT)\"",
				);
				PRODUCT_NAME = "$(TARGET_NAME)";
				TEST_HOST = "$(BUNDLE_LOADER)";
				WRAPPER_EXTENSION = octest;
			};
			name = Debug;
		};
		8BE36C9615542C5D00C33B82 /* Release */ = {
			isa = XCBuildConfiguration;
			buildSettings = {
				BUNDLE_LOADER = "$(BUILT_PRODUCTS_DIR)/Trouble Call Form.app/Trouble Call Form";
				FRAMEWORK_SEARCH_PATHS = (
					"$(SDKROOT)/Developer/Library/Frameworks",
					"$(DEVELOPER_LIBRARY_DIR)/Frameworks",
					"\"$(SRCROOT)/Trouble Call Form/RestKit/Tests/Vendor/OCHamcrest\"",
					"\"$(SYSTEM_APPS_DIR)/Xcode.app/Contents/Developer/SDKs/MacOSX10.7.sdk/System/Library/Frameworks\"",
					"\"$(SRCROOT)/Library/Frameworks\"",
					"\"$(SRCROOT)\"",
				);
				GCC_PRECOMPILE_PREFIX_HEADER = YES;
				GCC_PREFIX_HEADER = "Trouble Call Form/Trouble Call Form-Prefix.pch";
				INFOPLIST_FILE = "Trouble Call FormTests/Trouble Call FormTests-Info.plist";
				LIBRARY_SEARCH_PATHS = (
					"$(inherited)",
					"\"$(SYSTEM_APPS_DIR)/Xcode.app/Contents/Developer/SDKs/MacOSX10.7.sdk/usr/lib\"",
					"\"$(SRCROOT)\"",
				);
				PRODUCT_NAME = "$(TARGET_NAME)";
				TEST_HOST = "$(BUNDLE_LOADER)";
				WRAPPER_EXTENSION = octest;
			};
			name = Release;
		};
/* End XCBuildConfiguration section */

/* Begin XCConfigurationList section */
		8BE36C4F15542C5C00C33B82 /* Build configuration list for PBXProject "Trouble Call Form" */ = {
			isa = XCConfigurationList;
			buildConfigurations = (
				8BE36C8F15542C5D00C33B82 /* Debug */,
				8BE36C9015542C5D00C33B82 /* Release */,
			);
			defaultConfigurationIsVisible = 0;
			defaultConfigurationName = Release;
		};
		8BE36C9115542C5D00C33B82 /* Build configuration list for PBXNativeTarget "Trouble Call Form" */ = {
			isa = XCConfigurationList;
			buildConfigurations = (
				8BE36C9215542C5D00C33B82 /* Debug */,
				8BE36C9315542C5D00C33B82 /* Release */,
			);
			defaultConfigurationIsVisible = 0;
			defaultConfigurationName = Release;
		};
		8BE36C9415542C5D00C33B82 /* Build configuration list for PBXNativeTarget "Trouble Call FormTests" */ = {
			isa = XCConfigurationList;
			buildConfigurations = (
				8BE36C9515542C5D00C33B82 /* Debug */,
				8BE36C9615542C5D00C33B82 /* Release */,
			);
			defaultConfigurationIsVisible = 0;
			defaultConfigurationName = Release;
		};
/* End XCConfigurationList section */

/* Begin XCVersionGroup section */
		8BE36C7015542C5D00C33B82 /* Trouble_Call_Form.xcdatamodeld */ = {
			isa = XCVersionGroup;
			children = (
				8BE36C7115542C5D00C33B82 /* Trouble_Call_Form.xcdatamodel */,
			);
			currentVersion = 8BE36C7115542C5D00C33B82 /* Trouble_Call_Form.xcdatamodel */;
			path = Trouble_Call_Form.xcdatamodeld;
			sourceTree = "<group>";
			versionGroupType = wrapper.xcdatamodel;
		};
/* End XCVersionGroup section */
	};
	rootObject = 8BE36C4C15542C5C00C33B82 /* Project object */;
}
